
Microsoft Visual Studio Solution File, Format Version 12.00
# Visual Studio Version 17
VisualStudioVersion = 17.0.32112.339
MinimumVisualStudioVersion = 10.0.40219.1
Project("{FAE04EC0-301F-11D3-BF4B-00C04F79EFBC}") = "GrupoCard_Jokenpo", "GrupoCard_Jokenpo\GrupoCard_Jokenpo.csproj", "{FE5F397B-39C4-4BC5-8C59-83BFB8695099}"
EndProject
Global
	GlobalSection(SolutionConfigurationPlatforms) = preSolution
		Debug|Any CPU = Debug|Any CPU
		Release|Any CPU = Release|Any CPU
	EndGlobalSection
	GlobalSection(ProjectConfigurationPlatforms) = postSolution
		{FE5F397B-39C4-4BC5-8C59-83BFB8695099}.Debug|Any CPU.ActiveCfg = Debug|Any CPU
		{FE5F397B-39C4-4BC5-8C59-83BFB8695099}.Debug|Any CPU.Build.0 = Debug|Any CPU
		{FE5F397B-39C4-4BC5-8C59-83BFB8695099}.Release|Any CPU.ActiveCfg = Release|Any CPU
		{FE5F397B-39C4-4BC5-8C59-83BFB8695099}.Release|Any CPU.Build.0 = Release|Any CPU
	EndGlobalSection
	GlobalSection(SolutionProperties) = preSolution
		HideSolutionNode = FALSE
	EndGlobalSection
	GlobalSection(ExtensibilityGlobals) = postSolution
		SolutionGuid = {9A1DFF53-6C28-430F-87E0-904E2D02BDC0}
	EndGlobalSection
EndGlobal
